
Microsoft Visual Studio Solution File, Format Version 12.00
# Visual Studio Version 17
VisualStudioVersion = 17.5.33414.496
MinimumVisualStudioVersion = 10.0.40219.1
Project("{FAE04EC0-301F-11D3-BF4B-00C04F79EFBC}") = "Nooneelse", "Nooneelse\Nooneelse.csproj", "{F4161002-3833-4D94-9796-5B9C842432B5}"
EndProject
Global
	GlobalSection(SolutionConfigurationPlatforms) = preSolution
		Debug|Any CPU = Debug|Any CPU
		Release|Any CPU = Release|Any CPU
	EndGlobalSection
	GlobalSection(ProjectConfigurationPlatforms) = postSolution
		{F4161002-3833-4D94-9796-5B9C842432B5}.Debug|Any CPU.ActiveCfg = Debug|Any CPU
		{F4161002-3833-4D94-9796-5B9C842432B5}.Debug|Any CPU.Build.0 = Debug|Any CPU
		{F4161002-3833-4D94-9796-5B9C842432B5}.Release|Any CPU.ActiveCfg = Release|Any CPU
		{F4161002-3833-4D94-9796-5B9C842432B5}.Release|Any CPU.Build.0 = Release|Any CPU
	EndGlobalSection
	GlobalSection(SolutionProperties) = preSolution
		HideSolutionNode = FALSE
	EndGlobalSection
	GlobalSection(ExtensibilityGlobals) = postSolution
		SolutionGuid = {3F1F0760-FE45-4451-945E-B67C1B85F548}
	EndGlobalSection
EndGlobal
